
Microsoft Visual Studio Solution File, Format Version 12.00
# Visual Studio Version 16
VisualStudioVersion = 16.0.30611.23
MinimumVisualStudioVersion = 10.0.40219.1
Project("{FAE04EC0-301F-11D3-BF4B-00C04F79EFBC}") = "polymorphic-model-binding", "polymorphic-model-binding\polymorphic-model-binding.csproj", "{8CE76588-52B1-4609-9D71-F7359A3C3228}"
EndProject
Global
	GlobalSection(SolutionConfigurationPlatforms) = preSolution
		Debug|Any CPU = Debug|Any CPU
		Release|Any CPU = Release|Any CPU
	EndGlobalSection
	GlobalSection(ProjectConfigurationPlatforms) = postSolution
		{8CE76588-52B1-4609-9D71-F7359A3C3228}.Debug|Any CPU.ActiveCfg = Debug|Any CPU
		{8CE76588-52B1-4609-9D71-F7359A3C3228}.Debug|Any CPU.Build.0 = Debug|Any CPU
		{8CE76588-52B1-4609-9D71-F7359A3C3228}.Release|Any CPU.ActiveCfg = Release|Any CPU
		{8CE76588-52B1-4609-9D71-F7359A3C3228}.Release|Any CPU.Build.0 = Release|Any CPU
	EndGlobalSection
	GlobalSection(SolutionProperties) = preSolution
		HideSolutionNode = FALSE
	EndGlobalSection
	GlobalSection(ExtensibilityGlobals) = postSolution
		SolutionGuid = {D5E80723-4824-4158-8577-A3758D28C6F3}
	EndGlobalSection
EndGlobal
